<?xml version="1.0" encoding="utf-8"?>
<Project ToolsVersion="4.0" xmlns="http://schemas.microsoft.com/developer/msbuild/2003">
  <ItemGroup>
    <Filter Include="Source Files">
      <UniqueIdentifier>{4FC737F1-C7A5-4376-A066-2A32D752A2FF}</UniqueIdentifier>
      <Extensions>cpp;c;cc;cxx;def;odl;idl;hpj;bat;asm;asmx</Extensions>
    </Filter>
    <Filter Include="Header Files">
      <UniqueIdentifier>{93995380-89BD-4b04-88EB-625FBE52EBFB}</UniqueIdentifier>
      <Extensions>h;hh;hpp;hxx;hm;inl;inc;xsd</Extensions>
    </Filter>
    <Filter Include="Resource Files">
      <UniqueIdentifier>{67DA6AB6-F800-4c08-8B7A-83BB121AAD01}</UniqueIdentifier>
      <Extensions>rc;ico;cur;bmp;dlg;rc2;rct;bin;rgs;gif;jpg;jpeg;jpe;resx;tiff;tif;png;wav;mfcribbon-ms</Extensions>
    </Filter>
    <Filter Include="Header Files\valkyrie">
      <UniqueIdentifier>{3a8a94ba-ef60-40e1-bde9-c2cbbbe85dc7}</UniqueIdentifier>
    </Filter>
    <Filter Include="Header Files\valkyrie\vulkan">
      <UniqueIdentifier>{d2a2cc7b-d23a-4e36-b0e1-b61e750afbd4}</UniqueIdentifier>
    </Filter>
    <Filter Include="Header Files\valkyrie\UI">
      <UniqueIdentifier>{45e6be82-a420-4bff-8f93-4522063f8a93}</UniqueIdentifier>
    </Filter>
    <Filter Include="Source Files\third_party">
      <UniqueIdentifier>{780dea8f-f754-4061-aa35-399e99d0fc5a}</UniqueIdentifier>
    </Filter>
    <Filter Include="Source Files\third_party\imgui">
      <UniqueIdentifier>{81a2e7e2-2013-4cca-81ac-e074aa225673}</UniqueIdentifier>
    </Filter>
    <Filter Include="Header Files\valkyrie\asset">
      <UniqueIdentifier>{a29032b0-d549-4bbc-aeaa-7b51f659353a}</UniqueIdentifier>
    </Filter>
    <Filter Include="Source Files\UI">
      <UniqueIdentifier>{ffca1190-e815-4834-9b4c-744c55dee09b}</UniqueIdentifier>
    </Filter>
    <Filter Include="Source Files\vulkan">
      <UniqueIdentifier>{cedd868d-c3f3-4781-9b91-ab832d7f2e9e}</UniqueIdentifier>
    </Filter>
    <Filter Include="Source Files\asset">
      <UniqueIdentifier>{038ce5ca-166a-4a66-887b-0d75e08fd6cb}</UniqueIdentifier>
    </Filter>
    <Filter Include="Header Files\valkyrie\graphics_api_support">
      <UniqueIdentifier>{9b25445f-54ab-44de-ac99-ad4e632a3c0a}</UniqueIdentifier>
    </Filter>
    <Filter Include="Source Files\graphics_api_support">
      <UniqueIdentifier>{c677f384-55ed-4ed0-b5b7-00790eb74809}</UniqueIdentifier>
    </Filter>
    <Filter Include="Header Files\valkyrie\utility">
      <UniqueIdentifier>{8389713a-02e4-44ac-8d6c-6716391b0173}</UniqueIdentifier>
    </Filter>
    <Filter Include="Header Files\valkyrie\thread">
      <UniqueIdentifier>{23ea8892-559c-4eff-8f15-9f2e3f6aa42c}</UniqueIdentifier>
    </Filter>
    <Filter Include="Source Files\thread">
      <UniqueIdentifier>{368c82b2-4349-4bc8-8668-f05089806584}</UniqueIdentifier>
    </Filter>
    <Filter Include="Header Files\valkyrie\scene">
      <UniqueIdentifier>{5f638f34-8b9c-4090-ba36-08c560137095}</UniqueIdentifier>
    </Filter>
    <Filter Include="Source Files\scene">
      <UniqueIdentifier>{6391c952-1157-4870-9b93-cf468032c93f}</UniqueIdentifier>
    </Filter>
    <Filter Include="Header Files\valkyrie\component">
      <UniqueIdentifier>{ff5cc0e4-004c-40bb-853f-90d9ddd30283}</UniqueIdentifier>
    </Filter>
    <Filter Include="Source Files\component">
      <UniqueIdentifier>{7481372c-82bc-4950-848e-a05d3e6c5880}</UniqueIdentifier>
    </Filter>
    <Filter Include="Header Files\valkyrie\factory">
      <UniqueIdentifier>{699d51c5-b59a-4db1-a77e-2875775a0026}</UniqueIdentifier>
    </Filter>
    <Filter Include="Source Files\factory">
      <UniqueIdentifier>{8af643bb-941f-41b7-9e71-95c982edc026}</UniqueIdentifier>
    </Filter>
    <Filter Include="Source Files\utility">
      <UniqueIdentifier>{8587fc21-3d29-4d4f-a37d-b029c6a7cf19}</UniqueIdentifier>
    </Filter>
    <Filter Include="Header Files\valkyrie\graphics">
      <UniqueIdentifier>{057915f4-20a1-4fa0-9e01-d2ffbe202e5f}</UniqueIdentifier>
    </Filter>
    <Filter Include="Source Files\graphics">
      <UniqueIdentifier>{586d8f33-fbac-431a-a3e5-67edddf4ecaf}</UniqueIdentifier>
    </Filter>
  </ItemGroup>
  <ItemGroup>
    <ClInclude Include="include\valkyrie.h">
      <Filter>Header Files</Filter>
    </ClInclude>
    <ClInclude Include="include\valkyrie\vulkan\instance.h">
      <Filter>Header Files\valkyrie\vulkan</Filter>
    </ClInclude>
    <ClInclude Include="include\valkyrie\vulkan\physical_device.h">
      <Filter>Header Files\valkyrie\vulkan</Filter>
    </ClInclude>
    <ClInclude Include="include\valkyrie\vulkan\device.h">
      <Filter>Header Files\valkyrie\vulkan</Filter>
    </ClInclude>
    <ClInclude Include="include\valkyrie\vulkan\queue.h">
      <Filter>Header Files\valkyrie\vulkan</Filter>
    </ClInclude>
    <ClInclude Include="include\valkyrie\vulkan\swapchain.h">
      <Filter>Header Files\valkyrie\vulkan</Filter>
    </ClInclude>
    <ClInclude Include="include\valkyrie\vulkan\surface.h">
      <Filter>Header Files\valkyrie\vulkan</Filter>
    </ClInclude>
    <ClInclude Include="include\valkyrie\vulkan\command_buffer.h">
      <Filter>Header Files\valkyrie\vulkan</Filter>
    </ClInclude>
    <ClInclude Include="include\valkyrie\vulkan\depth_buffer.h">
      <Filter>Header Files\valkyrie\vulkan</Filter>
    </ClInclude>
    <ClInclude Include="include\valkyrie\vulkan\render_pass.h">
      <Filter>Header Files\valkyrie\vulkan</Filter>
    </ClInclude>
    <ClInclude Include="include\valkyrie\vulkan\attachment.h">
      <Filter>Header Files\valkyrie\vulkan</Filter>
    </ClInclude>
    <ClInclude Include="include\valkyrie\vulkan\vertex_input.h">
      <Filter>Header Files\valkyrie\vulkan</Filter>
    </ClInclude>
    <ClInclude Include="include\valkyrie\vulkan\shader.h">
      <Filter>Header Files\valkyrie\vulkan</Filter>
    </ClInclude>
    <ClInclude Include="include\valkyrie\vulkan\descriptor.h">
      <Filter>Header Files\valkyrie\vulkan</Filter>
    </ClInclude>
    <ClInclude Include="include\valkyrie\vulkan\texture.h">
      <Filter>Header Files\valkyrie\vulkan</Filter>
    </ClInclude>
    <ClInclude Include="include\valkyrie\vulkan\debug.h">
      <Filter>Header Files\valkyrie\vulkan</Filter>
    </ClInclude>
    <ClInclude Include="include\valkyrie\image.h">
      <Filter>Header Files\valkyrie</Filter>
    </ClInclude>
    <ClInclude Include="include\valkyrie\render_function.h">
      <Filter>Header Files\valkyrie</Filter>
    </ClInclude>
    <ClInclude Include="include\valkyrie\vulkan\memory_buffer.h">
      <Filter>Header Files\valkyrie\vulkan</Filter>
    </ClInclude>
    <ClInclude Include="include\valkyrie\UI\user_input.h">
      <Filter>Header Files\valkyrie\UI</Filter>
    </ClInclude>
    <ClInclude Include="include\valkyrie\asset\asset.h">
      <Filter>Header Files\valkyrie\asset</Filter>
    </ClInclude>
    <ClInclude Include="include\valkyrie\memory_chunk.h">
      <Filter>Header Files\valkyrie</Filter>
    </ClInclude>
    <ClInclude Include="include\valkyrie\graphics_api_support\attribute.h">
      <Filter>Header Files\valkyrie\graphics_api_support</Filter>
    </ClInclude>
    <ClInclude Include="include\common.h">
      <Filter>Header Files</Filter>
    </ClInclude>
    <ClInclude Include="include\valkyrie\utility\memory_access.h">
      <Filter>Header Files\valkyrie\utility</Filter>
    </ClInclude>
    <ClInclude Include="include\valkyrie\vulkan\command_pool.h">
      <Filter>Header Files\valkyrie\vulkan</Filter>
    </ClInclude>
    <ClInclude Include="include\valkyrie\asset\asset_manager.h">
      <Filter>Header Files\valkyrie\asset</Filter>
    </ClInclude>
    <ClInclude Include="include\valkyrie\scene\object.h">
      <Filter>Header Files\valkyrie\scene</Filter>
    </ClInclude>
    <ClInclude Include="include\valkyrie\component\component.h">
      <Filter>Header Files\valkyrie\component</Filter>
    </ClInclude>
    <ClInclude Include="include\valkyrie\asset\lavy_loader.h">
      <Filter>Header Files\valkyrie\asset</Filter>
    </ClInclude>
    <ClInclude Include="include\valkyrie\asset\lavy_asset.h">
      <Filter>Header Files\valkyrie\asset</Filter>
    </ClInclude>
    <ClInclude Include="include\valkyrie\factory\mesh.h">
      <Filter>Header Files\valkyrie\factory</Filter>
    </ClInclude>
    <ClInclude Include="include\valkyrie\asset\mesh_asset.h">
      <Filter>Header Files\valkyrie\asset</Filter>
    </ClInclude>
    <ClInclude Include="include\valkyrie\component\mesh_renderer.h">
      <Filter>Header Files\valkyrie\component</Filter>
    </ClInclude>
    <ClInclude Include="include\valkyrie\scene\transform.h">
      <Filter>Header Files\valkyrie\scene</Filter>
    </ClInclude>
    <ClInclude Include="include\valkyrie\component\camera.h">
      <Filter>Header Files\valkyrie\component</Filter>
    </ClInclude>
    <ClInclude Include="include\valkyrie\base_unit.h">
      <Filter>Header Files\valkyrie</Filter>
    </ClInclude>
    <ClInclude Include="include\valkyrie\component\component_attacher.h">
      <Filter>Header Files\valkyrie\component</Filter>
    </ClInclude>
    <ClInclude Include="include\valkyrie\UI\window_manager.h">
      <Filter>Header Files\valkyrie\UI</Filter>
    </ClInclude>
    <ClInclude Include="include\valkyrie\utility\sdl_manager.h">
      <Filter>Header Files\valkyrie\utility</Filter>
    </ClInclude>
    <ClInclude Include="include\valkyrie\UI\window.h">
      <Filter>Header Files\valkyrie\UI</Filter>
    </ClInclude>
    <ClInclude Include="include\valkyrie\utility\vulkan_manager.h">
      <Filter>Header Files\valkyrie\utility</Filter>
    </ClInclude>
    <ClInclude Include="include\valkyrie\graphics\pipeline.h">
      <Filter>Header Files\valkyrie\graphics</Filter>
    </ClInclude>
    <ClInclude Include="include\valkyrie\vulkan\image.h">
      <Filter>Header Files</Filter>
    </ClInclude>
    <ClInclude Include="include\valkyrie\vulkan\pipeline_module.h">
      <Filter>Header Files\valkyrie\vulkan</Filter>
    </ClInclude>
    <ClInclude Include="include\valkyrie\vulkan\default_create_info.h">
      <Filter>Header Files\valkyrie\vulkan</Filter>
    </ClInclude>
    <ClInclude Include="include\valkyrie\vulkan\set_updatable.h">
      <Filter>Header Files</Filter>
    </ClInclude>
    <ClInclude Include="include\valkyrie\renderer.h">
      <Filter>Header Files\valkyrie</Filter>
    </ClInclude>
    <ClInclude Include="include\valkyrie\utility\task_manager.h">
      <Filter>Header Files</Filter>
    </ClInclude>
    <ClInclude Include="include\valkyrie\vulkan\thread.h">
      <Filter>Header Files</Filter>
    </ClInclude>
  </ItemGroup>
  <ItemGroup>
    <ClCompile Include="source\vulkan\command_buffer.cpp">
      <Filter>Source Files\vulkan</Filter>
    </ClCompile>
    <ClCompile Include="source\vulkan\debug.cpp">
      <Filter>Source Files\vulkan</Filter>
    </ClCompile>
    <ClCompile Include="source\vulkan\depth_buffer.cpp">
      <Filter>Source Files\vulkan</Filter>
    </ClCompile>
    <ClCompile Include="source\vulkan\descriptor.cpp">
      <Filter>Source Files\vulkan</Filter>
    </ClCompile>
    <ClCompile Include="source\vulkan\device.cpp">
      <Filter>Source Files\vulkan</Filter>
    </ClCompile>
    <ClCompile Include="source\vulkan\instance.cpp">
      <Filter>Source Files\vulkan</Filter>
    </ClCompile>
    <ClCompile Include="source\vulkan\memory_buffer.cpp">
      <Filter>Source Files\vulkan</Filter>
    </ClCompile>
    <ClCompile Include="source\vulkan\physical_device.cpp">
      <Filter>Source Files\vulkan</Filter>
    </ClCompile>
    <ClCompile Include="source\vulkan\queue.cpp">
      <Filter>Source Files\vulkan</Filter>
    </ClCompile>
    <ClCompile Include="source\vulkan\render_pass.cpp">
      <Filter>Source Files\vulkan</Filter>
    </ClCompile>
    <ClCompile Include="source\vulkan\shader.cpp">
      <Filter>Source Files\vulkan</Filter>
    </ClCompile>
    <ClCompile Include="source\vulkan\surface.cpp">
      <Filter>Source Files\vulkan</Filter>
    </ClCompile>
    <ClCompile Include="source\vulkan\swapchain.cpp">
      <Filter>Source Files\vulkan</Filter>
    </ClCompile>
    <ClCompile Include="source\vulkan\texture.cpp">
      <Filter>Source Files\vulkan</Filter>
    </ClCompile>
    <ClCompile Include="source\vulkan\vertex_input.cpp">
      <Filter>Source Files\vulkan</Filter>
    </ClCompile>
    <ClCompile Include="source\UI\user_input.cpp">
      <Filter>Source Files\UI</Filter>
    </ClCompile>
    <ClCompile Include="source\render_function.cpp">
      <Filter>Source Files</Filter>
    </ClCompile>
    <ClCompile Include="source\rgba32_memory.cpp">
      <Filter>Source Files</Filter>
    </ClCompile>
    <ClCompile Include="source\valkyrie.cpp">
      <Filter>Source Files</Filter>
    </ClCompile>
    <ClCompile Include="source\memory_chunk.cpp">
      <Filter>Source Files</Filter>
    </ClCompile>
    <ClCompile Include="source\graphics_api_support\attribute.cpp">
      <Filter>Source Files\graphics_api_support</Filter>
    </ClCompile>
    <ClCompile Include="third_party\imgui.cpp">
      <Filter>Source Files\third_party\imgui</Filter>
    </ClCompile>
    <ClCompile Include="third_party\imgui_demo.cpp">
      <Filter>Source Files\third_party\imgui</Filter>
    </ClCompile>
    <ClCompile Include="third_party\imgui_draw.cpp">
      <Filter>Source Files\third_party\imgui</Filter>
    </ClCompile>
    <ClCompile Include="source\vulkan\command_pool.cpp">
      <Filter>Source Files</Filter>
    </ClCompile>
    <ClCompile Include="source\asset\asset_manager.cpp">
      <Filter>Source Files\asset</Filter>
    </ClCompile>
    <ClCompile Include="source\scene\object.cpp">
      <Filter>Source Files\scene</Filter>
    </ClCompile>
    <ClCompile Include="source\asset\lavy_asset.cpp">
      <Filter>Source Files\asset</Filter>
    </ClCompile>
    <ClCompile Include="source\asset\lavy_loader.cpp">
      <Filter>Source Files\asset</Filter>
    </ClCompile>
    <ClCompile Include="source\factory\mesh.cpp">
      <Filter>Source Files\factory</Filter>
    </ClCompile>
    <ClCompile Include="source\asset\mesh_asset.cpp">
      <Filter>Source Files\asset</Filter>
    </ClCompile>
    <ClCompile Include="source\component\mesh_renderer.cpp">
      <Filter>Source Files\component</Filter>
    </ClCompile>
    <ClCompile Include="source\scene\camera.cpp">
      <Filter>Source Files\component</Filter>
    </ClCompile>
    <ClCompile Include="source\base_unit.cpp">
      <Filter>Source Files</Filter>
    </ClCompile>
    <ClCompile Include="source\component\component_attacher.cpp">
      <Filter>Source Files</Filter>
    </ClCompile>
    <ClCompile Include="source\UI\window_manager.cpp">
      <Filter>Source Files\UI</Filter>
    </ClCompile>
    <ClCompile Include="source\utility\sdl_manager.cpp">
      <Filter>Source Files\utility</Filter>
    </ClCompile>
    <ClCompile Include="source\UI\window.cpp">
      <Filter>Source Files\UI</Filter>
    </ClCompile>
    <ClCompile Include="source\utility\vulkan_manager.cpp">
      <Filter>Source Files\utility</Filter>
    </ClCompile>
    <ClCompile Include="source\graphics\pipeline.cpp">
      <Filter>Source Files</Filter>
    </ClCompile>
    <ClCompile Include="source\scene\transform.cpp">
      <Filter>Source Files\scene</Filter>
    </ClCompile>
    <ClCompile Include="source\vulkan\image.cpp">
      <Filter>Source Files</Filter>
    </ClCompile>
    <ClCompile Include="source\vulkan\pipeline_module.cpp">
      <Filter>Source Files\vulkan</Filter>
    </ClCompile>
    <ClCompile Include="source\renderer.cpp">
      <Filter>Source Files</Filter>
    </ClCompile>
    <ClCompile Include="source\utility\task_manager.cpp">
      <Filter>Source Files</Filter>
    </ClCompile>
    <ClCompile Include="source\vulkan\thread.cpp">
      <Filter>Source Files</Filter>
    </ClCompile>
  </ItemGroup>
</Project>