
Microsoft Visual Studio Solution File, Format Version 12.00
# Visual Studio 14
VisualStudioVersion = 14.0.25420.1
MinimumVisualStudioVersion = 10.0.40219.1
Project("{8BC9CEB8-8B4A-11D0-8D11-00A0C91BC942}") = "Valkyrie", "Valkyrie.vcxproj", "{56B138DF-ABBC-4FBB-A41D-DBDF69B799AD}"
EndProject
Project("{8BC9CEB8-8B4A-11D0-8D11-00A0C91BC942}") = "ValkyriePlayground", "ValkyriePlayground\ValkyriePlayground.vcxproj", "{F991BD4F-0CD4-4372-BBE3-CD843272A9B0}"
	ProjectSection(ProjectDependencies) = postProject
		{E809AAAC-8142-4DB7-8EAA-EF48244C2941} = {E809AAAC-8142-4DB7-8EAA-EF48244C2941}
		{56B138DF-ABBC-4FBB-A41D-DBDF69B799AD} = {56B138DF-ABBC-4FBB-A41D-DBDF69B799AD}
		{6137B3F7-CDFC-4308-98EE-69B9F7A86541} = {6137B3F7-CDFC-4308-98EE-69B9F7A86541}
	EndProjectSection
EndProject
Project("{8BC9CEB8-8B4A-11D0-8D11-00A0C91BC942}") = "zlib", "zlib\zlib.vcxproj", "{6137B3F7-CDFC-4308-98EE-69B9F7A86541}"
EndProject
Project("{8BC9CEB8-8B4A-11D0-8D11-00A0C91BC942}") = "gtest", "gtest\gtest.vcxproj", "{6833AE17-33A3-47FC-A86F-A2881BA2D393}"
EndProject
Project("{8BC9CEB8-8B4A-11D0-8D11-00A0C91BC942}") = "valkyrie_test", "valkyrie_test\valkyrie_test.vcxproj", "{033F800C-6C36-4E8E-860B-7B5E0CC20285}"
	ProjectSection(ProjectDependencies) = postProject
		{6833AE17-33A3-47FC-A86F-A2881BA2D393} = {6833AE17-33A3-47FC-A86F-A2881BA2D393}
		{56B138DF-ABBC-4FBB-A41D-DBDF69B799AD} = {56B138DF-ABBC-4FBB-A41D-DBDF69B799AD}
		{6137B3F7-CDFC-4308-98EE-69B9F7A86541} = {6137B3F7-CDFC-4308-98EE-69B9F7A86541}
	EndProjectSection
EndProject
Project("{8BC9CEB8-8B4A-11D0-8D11-00A0C91BC942}") = "SDL2", "SDL2\SDL2.vcxproj", "{E809AAAC-8142-4DB7-8EAA-EF48244C2941}"
EndProject
Global
	GlobalSection(SolutionConfigurationPlatforms) = preSolution
		Debug|x64 = Debug|x64
		Debug|x86 = Debug|x86
		Release|x64 = Release|x64
		Release|x86 = Release|x86
	EndGlobalSection
	GlobalSection(ProjectConfigurationPlatforms) = postSolution
		{56B138DF-ABBC-4FBB-A41D-DBDF69B799AD}.Debug|x64.ActiveCfg = Debug|x64
		{56B138DF-ABBC-4FBB-A41D-DBDF69B799AD}.Debug|x64.Build.0 = Debug|x64
		{56B138DF-ABBC-4FBB-A41D-DBDF69B799AD}.Debug|x86.ActiveCfg = Debug|Win32
		{56B138DF-ABBC-4FBB-A41D-DBDF69B799AD}.Debug|x86.Build.0 = Debug|Win32
		{56B138DF-ABBC-4FBB-A41D-DBDF69B799AD}.Release|x64.ActiveCfg = Release|x64
		{56B138DF-ABBC-4FBB-A41D-DBDF69B799AD}.Release|x64.Build.0 = Release|x64
		{56B138DF-ABBC-4FBB-A41D-DBDF69B799AD}.Release|x86.ActiveCfg = Release|Win32
		{56B138DF-ABBC-4FBB-A41D-DBDF69B799AD}.Release|x86.Build.0 = Release|Win32
		{F991BD4F-0CD4-4372-BBE3-CD843272A9B0}.Debug|x64.ActiveCfg = Debug|x64
		{F991BD4F-0CD4-4372-BBE3-CD843272A9B0}.Debug|x64.Build.0 = Debug|x64
		{F991BD4F-0CD4-4372-BBE3-CD843272A9B0}.Debug|x86.ActiveCfg = Debug|Win32
		{F991BD4F-0CD4-4372-BBE3-CD843272A9B0}.Debug|x86.Build.0 = Debug|Win32
		{F991BD4F-0CD4-4372-BBE3-CD843272A9B0}.Release|x64.ActiveCfg = Release|x64
		{F991BD4F-0CD4-4372-BBE3-CD843272A9B0}.Release|x64.Build.0 = Release|x64
		{F991BD4F-0CD4-4372-BBE3-CD843272A9B0}.Release|x86.ActiveCfg = Release|Win32
		{F991BD4F-0CD4-4372-BBE3-CD843272A9B0}.Release|x86.Build.0 = Release|Win32
		{6137B3F7-CDFC-4308-98EE-69B9F7A86541}.Debug|x64.ActiveCfg = Debug|x64
		{6137B3F7-CDFC-4308-98EE-69B9F7A86541}.Debug|x64.Build.0 = Debug|x64
		{6137B3F7-CDFC-4308-98EE-69B9F7A86541}.Debug|x86.ActiveCfg = Debug|Win32
		{6137B3F7-CDFC-4308-98EE-69B9F7A86541}.Debug|x86.Build.0 = Debug|Win32
		{6137B3F7-CDFC-4308-98EE-69B9F7A86541}.Release|x64.ActiveCfg = Release|x64
		{6137B3F7-CDFC-4308-98EE-69B9F7A86541}.Release|x64.Build.0 = Release|x64
		{6137B3F7-CDFC-4308-98EE-69B9F7A86541}.Release|x86.ActiveCfg = Release|Win32
		{6137B3F7-CDFC-4308-98EE-69B9F7A86541}.Release|x86.Build.0 = Release|Win32
		{6833AE17-33A3-47FC-A86F-A2881BA2D393}.Debug|x64.ActiveCfg = Debug|x64
		{6833AE17-33A3-47FC-A86F-A2881BA2D393}.Debug|x64.Build.0 = Debug|x64
		{6833AE17-33A3-47FC-A86F-A2881BA2D393}.Debug|x86.ActiveCfg = Debug|Win32
		{6833AE17-33A3-47FC-A86F-A2881BA2D393}.Debug|x86.Build.0 = Debug|Win32
		{6833AE17-33A3-47FC-A86F-A2881BA2D393}.Release|x64.ActiveCfg = Release|x64
		{6833AE17-33A3-47FC-A86F-A2881BA2D393}.Release|x64.Build.0 = Release|x64
		{6833AE17-33A3-47FC-A86F-A2881BA2D393}.Release|x86.ActiveCfg = Release|Win32
		{6833AE17-33A3-47FC-A86F-A2881BA2D393}.Release|x86.Build.0 = Release|Win32
		{033F800C-6C36-4E8E-860B-7B5E0CC20285}.Debug|x64.ActiveCfg = Debug|x64
		{033F800C-6C36-4E8E-860B-7B5E0CC20285}.Debug|x64.Build.0 = Debug|x64
		{033F800C-6C36-4E8E-860B-7B5E0CC20285}.Debug|x86.ActiveCfg = Debug|Win32
		{033F800C-6C36-4E8E-860B-7B5E0CC20285}.Debug|x86.Build.0 = Debug|Win32
		{033F800C-6C36-4E8E-860B-7B5E0CC20285}.Release|x64.ActiveCfg = Release|x64
		{033F800C-6C36-4E8E-860B-7B5E0CC20285}.Release|x64.Build.0 = Release|x64
		{033F800C-6C36-4E8E-860B-7B5E0CC20285}.Release|x86.ActiveCfg = Release|Win32
		{033F800C-6C36-4E8E-860B-7B5E0CC20285}.Release|x86.Build.0 = Release|Win32
		{E809AAAC-8142-4DB7-8EAA-EF48244C2941}.Debug|x64.ActiveCfg = Debug|x64
		{E809AAAC-8142-4DB7-8EAA-EF48244C2941}.Debug|x64.Build.0 = Debug|x64
		{E809AAAC-8142-4DB7-8EAA-EF48244C2941}.Debug|x86.ActiveCfg = Debug|Win32
		{E809AAAC-8142-4DB7-8EAA-EF48244C2941}.Debug|x86.Build.0 = Debug|Win32
		{E809AAAC-8142-4DB7-8EAA-EF48244C2941}.Release|x64.ActiveCfg = Release|x64
		{E809AAAC-8142-4DB7-8EAA-EF48244C2941}.Release|x64.Build.0 = Release|x64
		{E809AAAC-8142-4DB7-8EAA-EF48244C2941}.Release|x86.ActiveCfg = Release|Win32
		{E809AAAC-8142-4DB7-8EAA-EF48244C2941}.Release|x86.Build.0 = Release|Win32
	EndGlobalSection
	GlobalSection(SolutionProperties) = preSolution
		HideSolutionNode = FALSE
	EndGlobalSection
EndGlobal
